
Microsoft Visual Studio Solution File, Format Version 11.00
# Visual Studio 2010
Project("{FAE04EC0-301F-11D3-BF4B-00C04F79EFBC}") = "SurfaceEditor", "SurfaceEditor\SurfaceEditor.csproj", "{E78B82BB-3165-4870-A837-011E41FF056A}"
EndProject
Global
	GlobalSection(SolutionConfigurationPlatforms) = preSolution
		Debug|x86 = Debug|x86
		Release|x86 = Release|x86
	EndGlobalSection
	GlobalSection(ProjectConfigurationPlatforms) = postSolution
		{E78B82BB-3165-4870-A837-011E41FF056A}.Debug|x86.ActiveCfg = Debug|x86
		{E78B82BB-3165-4870-A837-011E41FF056A}.Debug|x86.Build.0 = Debug|x86
		{E78B82BB-3165-4870-A837-011E41FF056A}.Release|x86.ActiveCfg = Release|x86
		{E78B82BB-3165-4870-A837-011E41FF056A}.Release|x86.Build.0 = Release|x86
	EndGlobalSection
	GlobalSection(MonoDevelopProperties) = preSolution
		StartupItem = SurfaceEditor\SurfaceEditor.csproj
	EndGlobalSection
EndGlobal
